# THIS IS AN AUTOGENERATED FILE. DO NOT EDIT THIS FILE DIRECTLY.
# yarn lockfile v1


graph@^0.2.0:
  version "0.2.0"
  resolved "https://registry.yarnpkg.com/graph/-/graph-0.2.0.tgz#ab609d8330d6a28a4f2022f5855e3a8fb666b00d"
  integrity sha512-JABlOLcRKDylHil7DonITryjN8EyMwjzfOVwuUq0UaOK+fnR+cYJ2j5dS4YP+d1QPXQ9LNdL1yYJA8I1B77E1w==
